
Microsoft Visual Studio Solution File, Format Version 12.00
# Visual Studio Version 16
VisualStudioVersion = 16.0.31624.102
MinimumVisualStudioVersion = 10.0.40219.1
Project("{FAE04EC0-301F-11D3-BF4B-00C04F79EFBC}") = "WallSets", "WallSets\WallSets.csproj", "{52AB8ABC-A16A-4094-A98E-D178F50EFEA3}"
EndProject
Global
	GlobalSection(SolutionConfigurationPlatforms) = preSolution
		Debug|Any CPU = Debug|Any CPU
		Release|Any CPU = Release|Any CPU
	EndGlobalSection
	GlobalSection(ProjectConfigurationPlatforms) = postSolution
		{52AB8ABC-A16A-4094-A98E-D178F50EFEA3}.Debug|Any CPU.ActiveCfg = Debug|Any CPU
		{52AB8ABC-A16A-4094-A98E-D178F50EFEA3}.Debug|Any CPU.Build.0 = Debug|Any CPU
		{52AB8ABC-A16A-4094-A98E-D178F50EFEA3}.Release|Any CPU.ActiveCfg = Release|Any CPU
		{52AB8ABC-A16A-4094-A98E-D178F50EFEA3}.Release|Any CPU.Build.0 = Release|Any CPU
	EndGlobalSection
	GlobalSection(SolutionProperties) = preSolution
		HideSolutionNode = FALSE
	EndGlobalSection
	GlobalSection(ExtensibilityGlobals) = postSolution
		SolutionGuid = {80E719A3-6991-4D6F-B19C-135BA23EA66E}
	EndGlobalSection
EndGlobal
